{
    "_meta": {
        "hash": {
            "sha256": "e36d7280debcd4b808c20fa89ce08e1a27190167995e5ba85c795692fdca9042"
        },
        "pipfile-spec": 6,
        "requires": {
            "python_version": "3"
        },
        "sources": [
            {
                "name": "pypi",
                "url": "https://pypi.org/simple",
                "verify_ssl": true
            }
        ]
    },
    "default": {
        "attrs": {
            "hashes": [
                "sha256:29adc2665447e5191d0e7c568fde78b21f9672d344281d0c6e1ab085429b22b6",
                "sha256:86efa402f67bf2df34f51a335487cf46b1ec130d02b8d39fd248abfd30da551c"
            ],
            "markers": "python_version >= '3.5'",
            "version": "==22.1.0"
        },
        "automat": {
            "hashes": [
                "sha256:7979803c74610e11ef0c0d68a2942b152df52da55336e0c9d58daf1831cbdf33",
                "sha256:b6feb6455337df834f6c9962d6ccf771515b7d939bca142b29c20c2376bc6111"
            ],
            "version": "==20.2.0"
        },
        "constantly": {
            "hashes": [
                "sha256:586372eb92059873e29eba4f9dec8381541b4d3834660707faf8ba59146dfc35",
                "sha256:dd2fa9d6b1a51a83f0d7dd76293d734046aa176e384bf6e33b7e44880eb37c5d"
            ],
            "version": "==15.1.0"
        },
        "hyperlink": {
            "hashes": [
                "sha256:427af957daa58bc909471c6c40f74c5450fa123dd093fc53efd2e91d2705a56b",
                "sha256:e6b14c37ecb73e89c77d78cdb4c2cc8f3fb59a885c5b3f819ff4ed80f25af1b4"
            ],
            "version": "==21.0.0"
        },
        "idna": {
            "hashes": [
                "sha256:814f528e8dead7d329833b91c5faa87d60bf71824cd12a7530b5526063d02cb4",
                "sha256:90b77e79eaa3eba6de819a0c442c0b4ceefc341a7a2ab77d7562bf49f425c5c2"
            ],
            "markers": "python_version >= '3.5'",
            "version": "==3.4"
        },
        "incremental": {
            "hashes": [
                "sha256:912feeb5e0f7e0188e6f42241d2f450002e11bbc0937c65865045854c24c0bd0",
                "sha256:b864a1f30885ee72c5ac2835a761b8fe8aa9c28b9395cacf27286602688d3e51"
            ],
            "version": "==22.10.0"
        },
        "setuptools": {
            "hashes": [
                "sha256:512e5536220e38146176efb833d4a62aa726b7bbff82cfbc8ba9eaa3996e0b17",
                "sha256:f62ea9da9ed6289bfe868cd6845968a2c854d1427f8548d52cae02a42b4f0356"
            ],
            "markers": "python_version >= '3.7'",
            "version": "==65.5.0"
        },
        "six": {
            "hashes": [
                "sha256:1e61c37477a1626458e36f7b1d82aa5c9b094fa4802892072e49de9c60c4c926",
                "sha256:8abb2f1d86890a2dfb989f9a77cfcfd3e47c2a354b01111771326f8aa26e0254"
            ],
            "markers": "python_version >= '2.7' and python_version not in '3.0, 3.1, 3.2, 3.3'",
            "version": "==1.16.0"
        },
        "twisted": {
            "hashes": [
                "sha256:a047990f57dfae1e0bd2b7df2526d4f16dcdc843774dc108b78c52f2a5f13680",
                "sha256:f9f7a91f94932477a9fc3b169d57f54f96c6e74a23d78d9ce54039a7f48928a2"
            ],
            "index": "pypi",
            "version": "==22.4.0"
        },
        "typing-extensions": {
            "hashes": [
                "sha256:1511434bb92bf8dd198c12b1cc812e800d4181cfcb867674e0f8279cc93087aa",
                "sha256:16fa4864408f655d35ec496218b85f79b3437c829e93320c7c9215ccfd92489e"
            ],
            "markers": "python_version >= '3.7'",
            "version": "==4.4.0"
        },
        "zope.interface": {
            "hashes": [
                "sha256:006f8dd81fae28027fc28ada214855166712bf4f0bfbc5a8788f9b70982b9437",
                "sha256:03f5ae315db0d0de668125d983e2a819a554f3fdb2d53b7e934e3eb3c3c7375d",
                "sha256:0eb2b3e84f48dd9cfc8621c80fba905d7e228615c67f76c7df7c716065669bb6",
                "sha256:1e3495bb0cdcea212154e558082c256f11b18031f05193ae2fb85d048848db14",
                "sha256:26c1456520fdcafecc5765bec4783eeafd2e893eabc636908f50ee31fe5c738c",
                "sha256:2cb3003941f5f4fa577479ac6d5db2b940acb600096dd9ea9bf07007f5cab46f",
                "sha256:37ec9ade9902f412cc7e7a32d71f79dec3035bad9bd0170226252eed88763c48",
                "sha256:3eedf3d04179774d750e8bb4463e6da350956a50ed44d7b86098e452d7ec385e",
                "sha256:3f68404edb1a4fb6aa8a94675521ca26c83ebbdbb90e894f749ae0dc4ca98418",
                "sha256:423c074e404f13e6fa07f4454f47fdbb38d358be22945bc812b94289d9142374",
                "sha256:43490ad65d4c64e45a30e51a2beb7a6b63e1ff395302ad22392224eb618476d6",
                "sha256:47ff078734a1030c48103422a99e71a7662d20258c00306546441adf689416f7",
                "sha256:58a66c2020a347973168a4a9d64317bac52f9fdfd3e6b80b252be30da881a64e",
                "sha256:58a975f89e4584d0223ab813c5ba4787064c68feef4b30d600f5e01de90ae9ce",
                "sha256:5c6023ae7defd052cf76986ce77922177b0c2f3913bea31b5b28fbdf6cb7099e",
                "sha256:6566b3d2657e7609cd8751bcb1eab1202b1692a7af223035a5887d64bb3a2f3b",
                "sha256:687cab7f9ae18d2c146f315d0ca81e5ffe89a139b88277afa70d52f632515854",
                "sha256:700ebf9662cf8df70e2f0cb4988e078c53f65ee3eefd5c9d80cf988c4175c8e3",
                "sha256:740f3c1b44380658777669bcc42f650f5348e53797f2cee0d93dc9b0f9d7cc69",
                "sha256:7bdcec93f152e0e1942102537eed7b166d6661ae57835b20a52a2a3d6a3e1bf3",
                "sha256:7d9ec1e6694af39b687045712a8ad14ddcb568670d5eb1b66b48b98b9312afba",
                "sha256:85dd6dd9aaae7a176948d8bb62e20e2968588fd787c29c5d0d964ab475168d3d",
                "sha256:8b9f153208d74ccfa25449a0c6cb756ab792ce0dc99d9d771d935f039b38740c",
                "sha256:8c791f4c203ccdbcda588ea4c8a6e4353e10435ea48ddd3d8734a26fe9714cba",
                "sha256:970661ece2029915b8f7f70892e88404340fbdefd64728380cad41c8dce14ff4",
                "sha256:9cdc4e898d3b1547d018829fd4a9f403e52e51bba24be0fbfa37f3174e1ef797",
                "sha256:9dc4493aa3d87591e3d2bf1453e25b98038c839ca8e499df3d7106631b66fe83",
                "sha256:a69c28d85bb7cf557751a5214cb3f657b2b035c8c96d71080c1253b75b79b69b",
                "sha256:aeac590cce44e68ee8ad0b8ecf4d7bf15801f102d564ca1b0eb1f12f584ee656",
                "sha256:be11fce0e6af6c0e8d93c10ef17b25aa7c4acb7ec644bff2596c0d639c49e20f",
                "sha256:cbbf83914b9a883ab324f728de869f4e406e0cbcd92df7e0a88decf6f9ab7d5a",
                "sha256:cfa614d049667bed1c737435c609c0956c5dc0dbafdc1145ee7935e4658582cb",
                "sha256:d18fb0f6c8169d26044128a2e7d3c39377a8a151c564e87b875d379dbafd3930",
                "sha256:d80f6236b57a95eb19d5e47eb68d0296119e1eff6deaa2971ab8abe3af918420",
                "sha256:da7912ae76e1df6a1fb841b619110b1be4c86dfb36699d7fd2f177105cdea885",
                "sha256:df6593e150d13cfcce69b0aec5df7bc248cb91e4258a7374c129bb6d56b4e5ca",
                "sha256:f70726b60009433111fe9928f5d89cbb18962411d33c45fb19eb81b9bbd26fcd"
            ],
            "markers": "python_version >= '2.7' and python_version not in '3.0, 3.1, 3.2, 3.3, 3.4'",
            "version": "==5.5.0"
        }
    },
    "develop": {}
}
